{
  "name": "@studify/types",
  "version": "1.0.0",
  "lockfileVersion": 3,
  "requires": true,
  "packages": {
    "": {
      "name": "@studify/types",
      "version": "1.0.0",
      "dependencies": {
        "@studify/types": "file:"
      }
    },
    "node_modules/@studify/types": {
      "resolved": "",
      "link": true
    }
  }
}